// !$*UTF8*$!
{
	archiveVersion = 1;
	classes = {
	};
	objectVersion = 55;
	objects = {

/* Begin PBXBuildFile section */
		9E1CEA23285F4C6500D47189 /* IngredientsListDataController.swift in Sources */ = {isa = PBXBuildFile; fileRef = 9E1CEA22285F4C6500D47189 /* IngredientsListDataController.swift */; };
		9E1CEA25285F4D4300D47189 /* IngredientsModel.swift in Sources */ = {isa = PBXBuildFile; fileRef = 9E1CEA24285F4D4300D47189 /* IngredientsModel.swift */; };
		9E1CEA27285F4DF500D47189 /* SearchIngredients.swift in Sources */ = {isa = PBXBuildFile; fileRef = 9E1CEA26285F4DF500D47189 /* SearchIngredients.swift */; };
		9E1CEA29285F631900D47189 /* IngredientDrinkSearchDataController.swift in Sources */ = {isa = PBXBuildFile; fileRef = 9E1CEA28285F631900D47189 /* IngredientDrinkSearchDataController.swift */; };
		9E1CEA2B285F645700D47189 /* IngredientDrinkModel.swift in Sources */ = {isa = PBXBuildFile; fileRef = 9E1CEA2A285F645700D47189 /* IngredientDrinkModel.swift */; };
		9E1CEA2D285F65A900D47189 /* IngredientsDrinkView.swift in Sources */ = {isa = PBXBuildFile; fileRef = 9E1CEA2C285F65A900D47189 /* IngredientsDrinkView.swift */; };
		9E1CEA31286A487200D47189 /* Launch Screen.storyboard in Resources */ = {isa = PBXBuildFile; fileRef = 9E1CEA30286A487200D47189 /* Launch Screen.storyboard */; };
		9E1CEA33286BC32F00D47189 /* SearchDrinkViewModel.swift in Sources */ = {isa = PBXBuildFile; fileRef = 9E1CEA32286BC32F00D47189 /* SearchDrinkViewModel.swift */; };
		9E1CEA35286BC7B500D47189 /* MainMenuViewModel.swift in Sources */ = {isa = PBXBuildFile; fileRef = 9E1CEA34286BC7B500D47189 /* MainMenuViewModel.swift */; };
		9E1CEA37286CA36800D47189 /* SearchingredientsModelView.swift in Sources */ = {isa = PBXBuildFile; fileRef = 9E1CEA36286CA36800D47189 /* SearchingredientsModelView.swift */; };
		9E1CEA3B286CD5E900D47189 /* SearchingredientsHeaderView.swift in Sources */ = {isa = PBXBuildFile; fileRef = 9E1CEA3A286CD5E900D47189 /* SearchingredientsHeaderView.swift */; };
		9E1CEA3D286CD86E00D47189 /* searchIngredients3pickedView.swift in Sources */ = {isa = PBXBuildFile; fileRef = 9E1CEA3C286CD86E00D47189 /* searchIngredients3pickedView.swift */; };
		9E1CEA3F286CE0E300D47189 /* searchIngredientsBackButtonView.swift in Sources */ = {isa = PBXBuildFile; fileRef = 9E1CEA3E286CE0E300D47189 /* searchIngredientsBackButtonView.swift */; };
		9E1CEA41286CF66700D47189 /* searchIngredientsSearchButtonView.swift in Sources */ = {isa = PBXBuildFile; fileRef = 9E1CEA40286CF66700D47189 /* searchIngredientsSearchButtonView.swift */; };
		9E1CEA43286CF8CF00D47189 /* searchIngredientsTextFieldView.swift in Sources */ = {isa = PBXBuildFile; fileRef = 9E1CEA42286CF8CF00D47189 /* searchIngredientsTextFieldView.swift */; };
		9E1CEA45286D08DA00D47189 /* SearchIngredientsListTextView.swift in Sources */ = {isa = PBXBuildFile; fileRef = 9E1CEA44286D08DA00D47189 /* SearchIngredientsListTextView.swift */; };
		9E1CEA48286DA80B00D47189 /* vodkaViewViewModel.swift in Sources */ = {isa = PBXBuildFile; fileRef = 9E1CEA47286DA80A00D47189 /* vodkaViewViewModel.swift */; };
		9E1CEA4A286DA9EE00D47189 /* ListLineView.swift in Sources */ = {isa = PBXBuildFile; fileRef = 9E1CEA49286DA9ED00D47189 /* ListLineView.swift */; };
		9E1CEA4C286DAD9900D47189 /* vodkaViewListView.swift in Sources */ = {isa = PBXBuildFile; fileRef = 9E1CEA4B286DAD9900D47189 /* vodkaViewListView.swift */; };
		9E1CEA4F286DB6C100D47189 /* ginViewViewModel.swift in Sources */ = {isa = PBXBuildFile; fileRef = 9E1CEA4E286DB6C100D47189 /* ginViewViewModel.swift */; };
		9E1CEA51286DB82700D47189 /* ginViewListView.swift in Sources */ = {isa = PBXBuildFile; fileRef = 9E1CEA50286DB82700D47189 /* ginViewListView.swift */; };
		9E1CEA56286DBAEE00D47189 /* RumViewViewModel.swift in Sources */ = {isa = PBXBuildFile; fileRef = 9E1CEA55286DBAED00D47189 /* RumViewViewModel.swift */; };
		9E1CEA59286DBC0F00D47189 /* RumViewListView.swift in Sources */ = {isa = PBXBuildFile; fileRef = 9E1CEA58286DBC0F00D47189 /* RumViewListView.swift */; };
		9E1CEA5B286DC07600D47189 /* NonViewViewModel.swift in Sources */ = {isa = PBXBuildFile; fileRef = 9E1CEA5A286DC07600D47189 /* NonViewViewModel.swift */; };
		9E1CEA5E286DC1E900D47189 /* nonViewListView.swift in Sources */ = {isa = PBXBuildFile; fileRef = 9E1CEA5D286DC1E900D47189 /* nonViewListView.swift */; };
		9E1CEA60286E412600D47189 /* MainMenuQuickLookupView.swift in Sources */ = {isa = PBXBuildFile; fileRef = 9E1CEA5F286E412600D47189 /* MainMenuQuickLookupView.swift */; };
		9E1CEA62286E42B400D47189 /* MostPopularView.swift in Sources */ = {isa = PBXBuildFile; fileRef = 9E1CEA61286E42B400D47189 /* MostPopularView.swift */; };
		9E1CEA64286E444800D47189 /* PopularRowView.swift in Sources */ = {isa = PBXBuildFile; fileRef = 9E1CEA63286E444700D47189 /* PopularRowView.swift */; };
		9E1CEA66286E461900D47189 /* LatestAdditionsTitleView.swift in Sources */ = {isa = PBXBuildFile; fileRef = 9E1CEA65286E461900D47189 /* LatestAdditionsTitleView.swift */; };
		9E1CEA68286E47F800D47189 /* LatestRowView.swift in Sources */ = {isa = PBXBuildFile; fileRef = 9E1CEA67286E47F800D47189 /* LatestRowView.swift */; };
		9E1CEA6A286E498400D47189 /* RandomDrinkTitleView.swift in Sources */ = {isa = PBXBuildFile; fileRef = 9E1CEA69286E498400D47189 /* RandomDrinkTitleView.swift */; };
		9E1CEA6D286E563100D47189 /* SearchDrinkListView.swift in Sources */ = {isa = PBXBuildFile; fileRef = 9E1CEA6C286E563100D47189 /* SearchDrinkListView.swift */; };
		9E1CEA6F286F89FB00D47189 /* SearchDrinkSearchTitle.swift in Sources */ = {isa = PBXBuildFile; fileRef = 9E1CEA6E286F89FB00D47189 /* SearchDrinkSearchTitle.swift */; };
		9E1CEA76286F9D9800D47189 /* typeViewListView.swift in Sources */ = {isa = PBXBuildFile; fileRef = 9E1CEA75286F9D9800D47189 /* typeViewListView.swift */; };
		9E1CEA78286FA57200D47189 /* randomListlistView.swift in Sources */ = {isa = PBXBuildFile; fileRef = 9E1CEA77286FA57200D47189 /* randomListlistView.swift */; };
		9E1CEA7A286FAC9600D47189 /* IngredientsDrinksViewListView.swift in Sources */ = {isa = PBXBuildFile; fileRef = 9E1CEA79286FAC9600D47189 /* IngredientsDrinksViewListView.swift */; };
		9E1CEA7C286FADAC00D47189 /* IngredientsDrinkViewViewModel.swift in Sources */ = {isa = PBXBuildFile; fileRef = 9E1CEA7B286FADAC00D47189 /* IngredientsDrinkViewViewModel.swift */; };
		9E2468BD283D7C9E0029FCEA /* SwiftUIView.swift in Sources */ = {isa = PBXBuildFile; fileRef = 9E2468BC283D7C9E0029FCEA /* SwiftUIView.swift */; };
		9E2468C1283D9CCF0029FCEA /* nonDataController.swift in Sources */ = {isa = PBXBuildFile; fileRef = 9E2468C0283D9CCF0029FCEA /* nonDataController.swift */; };
		9E2468C3283D9E0F0029FCEA /* NonModel.swift in Sources */ = {isa = PBXBuildFile; fileRef = 9E2468C2283D9E0F0029FCEA /* NonModel.swift */; };
		9E2468C5283D9F560029FCEA /* NonView.swift in Sources */ = {isa = PBXBuildFile; fileRef = 9E2468C4283D9F560029FCEA /* NonView.swift */; };
		9E2468C82843B8010029FCEA /* UserDrinks.xcdatamodeld in Sources */ = {isa = PBXBuildFile; fileRef = 9E2468C62843B8010029FCEA /* UserDrinks.xcdatamodeld */; };
		9E2468CB2843BB4E0029FCEA /* UserDrinksContainer.swift in Sources */ = {isa = PBXBuildFile; fileRef = 9E2468CA2843BB4E0029FCEA /* UserDrinksContainer.swift */; };
		9E2468CD2843BD6C0029FCEA /* UserDrinksAddView.swift in Sources */ = {isa = PBXBuildFile; fileRef = 9E2468CC2843BD6C0029FCEA /* UserDrinksAddView.swift */; };
		9E2468CF2843C1C50029FCEA /* UserDrinksView.swift in Sources */ = {isa = PBXBuildFile; fileRef = 9E2468CE2843C1C50029FCEA /* UserDrinksView.swift */; };
		9E2468D12844027A0029FCEA /* UserDrinkMenu.swift in Sources */ = {isa = PBXBuildFile; fileRef = 9E2468D02844027A0029FCEA /* UserDrinkMenu.swift */; };
		9E374EE0280CBA3900105B45 /* vodkaButtonView.swift in Sources */ = {isa = PBXBuildFile; fileRef = 9E374EDF280CBA3900105B45 /* vodkaButtonView.swift */; };
		9E374EE2280CBA6E00105B45 /* ginButtonView.swift in Sources */ = {isa = PBXBuildFile; fileRef = 9E374EE1280CBA6E00105B45 /* ginButtonView.swift */; };
		9E374EE4280DC34200105B45 /* APIKeyFile.swift in Sources */ = {isa = PBXBuildFile; fileRef = 9E374EE3280DC34200105B45 /* APIKeyFile.swift */; };
		9E374EE6280DFB6000105B45 /* popularDataController.swift in Sources */ = {isa = PBXBuildFile; fileRef = 9E374EE5280DFB6000105B45 /* popularDataController.swift */; };
		9E374EE8280DFBD600105B45 /* PopularModel.swift in Sources */ = {isa = PBXBuildFile; fileRef = 9E374EE7280DFBD600105B45 /* PopularModel.swift */; };
		9E3B349928077FD200D4ED08 /* ginDataController.swift in Sources */ = {isa = PBXBuildFile; fileRef = 9E3B349828077FD200D4ED08 /* ginDataController.swift */; };
		9E3B349B2807804500D4ED08 /* GinModel.swift in Sources */ = {isa = PBXBuildFile; fileRef = 9E3B349A2807804500D4ED08 /* GinModel.swift */; };
		9E3B349D2807813F00D4ED08 /* GinView.swift in Sources */ = {isa = PBXBuildFile; fileRef = 9E3B349C2807813F00D4ED08 /* GinView.swift */; };
		9E3B349F280792F500D4ED08 /* vodkaDataController.swift in Sources */ = {isa = PBXBuildFile; fileRef = 9E3B349E280792F500D4ED08 /* vodkaDataController.swift */; };
		9E3B34A12807936800D4ED08 /* VodkaModel.swift in Sources */ = {isa = PBXBuildFile; fileRef = 9E3B34A02807936800D4ED08 /* VodkaModel.swift */; };
		9E3B34A32807940300D4ED08 /* VodkaView.swift in Sources */ = {isa = PBXBuildFile; fileRef = 9E3B34A22807940300D4ED08 /* VodkaView.swift */; };
		9E3B34A72807A25F00D4ED08 /* rumDataController.swift in Sources */ = {isa = PBXBuildFile; fileRef = 9E3B34A62807A25F00D4ED08 /* rumDataController.swift */; };
		9E3B34A92807A2B000D4ED08 /* RumModel.swift in Sources */ = {isa = PBXBuildFile; fileRef = 9E3B34A82807A2B000D4ED08 /* RumModel.swift */; };
		9E3B34AB2807A2F900D4ED08 /* RumView.swift in Sources */ = {isa = PBXBuildFile; fileRef = 9E3B34AA2807A2F900D4ED08 /* RumView.swift */; };
		9E3B34AD2808B16000D4ED08 /* CocktailView.swift in Sources */ = {isa = PBXBuildFile; fileRef = 9E3B34AC2808B16000D4ED08 /* CocktailView.swift */; };
		9E3B34AF2808B1DC00D4ED08 /* CocktailModel.swift in Sources */ = {isa = PBXBuildFile; fileRef = 9E3B34AE2808B1DC00D4ED08 /* CocktailModel.swift */; };
		9E3B34B12808B3C800D4ED08 /* CocktailDataController.swift in Sources */ = {isa = PBXBuildFile; fileRef = 9E3B34B02808B3C800D4ED08 /* CocktailDataController.swift */; };
		9E486DF028465BB2007A4913 /* typeDataController.swift in Sources */ = {isa = PBXBuildFile; fileRef = 9E486DEF28465BB2007A4913 /* typeDataController.swift */; };
		9E486DF228465D2E007A4913 /* TypeModel.swift in Sources */ = {isa = PBXBuildFile; fileRef = 9E486DF128465D2E007A4913 /* TypeModel.swift */; };
		9E486DF4284660E1007A4913 /* typeView.swift in Sources */ = {isa = PBXBuildFile; fileRef = 9E486DF3284660E1007A4913 /* typeView.swift */; };
		9E486DF628466D17007A4913 /* TypeMenu.swift in Sources */ = {isa = PBXBuildFile; fileRef = 9E486DF528466D17007A4913 /* TypeMenu.swift */; };
		9E486DF9284694E6007A4913 /* OrdinaryButtonView.swift in Sources */ = {isa = PBXBuildFile; fileRef = 9E486DF8284694E5007A4913 /* OrdinaryButtonView.swift */; };
		9E486DFB284694FE007A4913 /* cocktailsButtonview.swift in Sources */ = {isa = PBXBuildFile; fileRef = 9E486DFA284694FE007A4913 /* cocktailsButtonview.swift */; };
		9E486DFD2846950C007A4913 /* ShakeView.swift in Sources */ = {isa = PBXBuildFile; fileRef = 9E486DFC2846950C007A4913 /* ShakeView.swift */; };
		9E486DFF2846951B007A4913 /* OtherUnknownView.swift in Sources */ = {isa = PBXBuildFile; fileRef = 9E486DFE2846951B007A4913 /* OtherUnknownView.swift */; };
		9E486E012846952E007A4913 /* cocoaView.swift in Sources */ = {isa = PBXBuildFile; fileRef = 9E486E002846952E007A4913 /* cocoaView.swift */; };
		9E486E032846953E007A4913 /* ShotView.swift in Sources */ = {isa = PBXBuildFile; fileRef = 9E486E022846953E007A4913 /* ShotView.swift */; };
		9E486E052846954A007A4913 /* CoffeeView.swift in Sources */ = {isa = PBXBuildFile; fileRef = 9E486E042846954A007A4913 /* CoffeeView.swift */; };
		9E486E0728469559007A4913 /* HomemadeView.swift in Sources */ = {isa = PBXBuildFile; fileRef = 9E486E0628469559007A4913 /* HomemadeView.swift */; };
		9E486E0928469566007A4913 /* PartyView.swift in Sources */ = {isa = PBXBuildFile; fileRef = 9E486E0828469566007A4913 /* PartyView.swift */; };
		9E486E0B28469572007A4913 /* BeerView.swift in Sources */ = {isa = PBXBuildFile; fileRef = 9E486E0A28469572007A4913 /* BeerView.swift */; };
		9E486E0D28469580007A4913 /* SoftDrinkView.swift in Sources */ = {isa = PBXBuildFile; fileRef = 9E486E0C28469580007A4913 /* SoftDrinkView.swift */; };
		9E486E0F2846B069007A4913 /* UserDrinkType.swift in Sources */ = {isa = PBXBuildFile; fileRef = 9E486E0E2846B069007A4913 /* UserDrinkType.swift */; };
		9E56121727FF7E6B004A8834 /* CocktailApp.swift in Sources */ = {isa = PBXBuildFile; fileRef = 9E56121627FF7E6B004A8834 /* CocktailApp.swift */; };
		9E56121927FF7E6B004A8834 /* ContentView.swift in Sources */ = {isa = PBXBuildFile; fileRef = 9E56121827FF7E6B004A8834 /* ContentView.swift */; };
		9E56121B27FF7E6F004A8834 /* Assets.xcassets in Resources */ = {isa = PBXBuildFile; fileRef = 9E56121A27FF7E6F004A8834 /* Assets.xcassets */; };
		9E56121E27FF7E6F004A8834 /* Preview Assets.xcassets in Resources */ = {isa = PBXBuildFile; fileRef = 9E56121D27FF7E6F004A8834 /* Preview Assets.xcassets */; };
		9E56122827FF7E6F004A8834 /* CocktailTests.swift in Sources */ = {isa = PBXBuildFile; fileRef = 9E56122727FF7E6F004A8834 /* CocktailTests.swift */; };
		9E56123227FF7E6F004A8834 /* CocktailUITests.swift in Sources */ = {isa = PBXBuildFile; fileRef = 9E56123127FF7E6F004A8834 /* CocktailUITests.swift */; };
		9E56123427FF7E6F004A8834 /* CocktailUITestsLaunchTests.swift in Sources */ = {isa = PBXBuildFile; fileRef = 9E56123327FF7E6F004A8834 /* CocktailUITestsLaunchTests.swift */; };
		9E56124327FF9276004A8834 /* MainMenu.swift in Sources */ = {isa = PBXBuildFile; fileRef = 9E56124227FF9276004A8834 /* MainMenu.swift */; };
		9E56124A280065D0004A8834 /* RandomCocktailView.swift in Sources */ = {isa = PBXBuildFile; fileRef = 9E561249280065D0004A8834 /* RandomCocktailView.swift */; };
		9E56124E28006685004A8834 /* RandomCocktailDataController.swift in Sources */ = {isa = PBXBuildFile; fileRef = 9E56124D28006685004A8834 /* RandomCocktailDataController.swift */; };
		9E56125028007734004A8834 /* RandomCocktailModel.swift in Sources */ = {isa = PBXBuildFile; fileRef = 9E56124F28007734004A8834 /* RandomCocktailModel.swift */; };
		9EA305022857F8D1004679AB /* SearchDrinkView.swift in Sources */ = {isa = PBXBuildFile; fileRef = 9EA305012857F8D1004679AB /* SearchDrinkView.swift */; };
		9EA305042857FE7F004679AB /* DrinkNameDataController.swift in Sources */ = {isa = PBXBuildFile; fileRef = 9EA305032857FE7F004679AB /* DrinkNameDataController.swift */; };
		9EA305062857FF26004679AB /* DrinkNameModel.swift in Sources */ = {isa = PBXBuildFile; fileRef = 9EA305052857FF26004679AB /* DrinkNameModel.swift */; };
		9EA3050C285BDCA7004679AB /* SearchMenuView.swift in Sources */ = {isa = PBXBuildFile; fileRef = 9EA3050B285BDCA7004679AB /* SearchMenuView.swift */; };
		9EA6254B28149E7B0044A5D4 /* latestDataController.swift in Sources */ = {isa = PBXBuildFile; fileRef = 9EA6254A28149E7B0044A5D4 /* latestDataController.swift */; };
		9EA6254D28149EDE0044A5D4 /* LatestModel.swift in Sources */ = {isa = PBXBuildFile; fileRef = 9EA6254C28149EDD0044A5D4 /* LatestModel.swift */; };
		9EE9E19A280CB72400ACECCD /* rumButtonView.swift in Sources */ = {isa = PBXBuildFile; fileRef = 9EE9E199280CB72400ACECCD /* rumButtonView.swift */; };
		9EEE8D692855247A008FFA5D /* AddDrinkbutton.swift in Sources */ = {isa = PBXBuildFile; fileRef = 9EEE8D682855247A008FFA5D /* AddDrinkbutton.swift */; };
		9EEE8D6B285556EA008FFA5D /* LuckDipButtonView.swift in Sources */ = {isa = PBXBuildFile; fileRef = 9EEE8D6A285556EA008FFA5D /* LuckDipButtonView.swift */; };
		9EEE8D6D285558EC008FFA5D /* RandomListButtonView.swift in Sources */ = {isa = PBXBuildFile; fileRef = 9EEE8D6C285558EC008FFA5D /* RandomListButtonView.swift */; };
		9EEE8D6F2855615B008FFA5D /* SearchByViewButton.swift in Sources */ = {isa = PBXBuildFile; fileRef = 9EEE8D6E2855615B008FFA5D /* SearchByViewButton.swift */; };
		9EEE8D7128556535008FFA5D /* RandomListDataController.swift in Sources */ = {isa = PBXBuildFile; fileRef = 9EEE8D7028556535008FFA5D /* RandomListDataController.swift */; };
		9EEE8D752855667E008FFA5D /* RandomListModel.swift in Sources */ = {isa = PBXBuildFile; fileRef = 9EEE8D742855667E008FFA5D /* RandomListModel.swift */; };
		9EEE8D77285567D6008FFA5D /* RandomlListView.swift in Sources */ = {isa = PBXBuildFile; fileRef = 9EEE8D76285567D6008FFA5D /* RandomlListView.swift */; };
/* End PBXBuildFile section */

/* Begin PBXContainerItemProxy section */
		9E56122427FF7E6F004A8834 /* PBXContainerItemProxy */ = {
			isa = PBXContainerItemProxy;
			containerPortal = 9E56120B27FF7E6B004A8834 /* Project object */;
			proxyType = 1;
			remoteGlobalIDString = 9E56121227FF7E6B004A8834;
			remoteInfo = Cocktail;
		};
		9E56122E27FF7E6F004A8834 /* PBXContainerItemProxy */ = {
			isa = PBXContainerItemProxy;
			containerPortal = 9E56120B27FF7E6B004A8834 /* Project object */;
			proxyType = 1;
			remoteGlobalIDString = 9E56121227FF7E6B004A8834;
			remoteInfo = Cocktail;
		};
/* End PBXContainerItemProxy section */

/* Begin PBXFileReference section */
		9E1CEA22285F4C6500D47189 /* IngredientsListDataController.swift */ = {isa = PBXFileReference; lastKnownFileType = sourcecode.swift; path = IngredientsListDataController.swift; sourceTree = "<group>"; };
		9E1CEA24285F4D4300D47189 /* IngredientsModel.swift */ = {isa = PBXFileReference; lastKnownFileType = sourcecode.swift; path = IngredientsModel.swift; sourceTree = "<group>"; };
		9E1CEA26285F4DF500D47189 /* SearchIngredients.swift */ = {isa = PBXFileReference; lastKnownFileType = sourcecode.swift; path = SearchIngredients.swift; sourceTree = "<group>"; };
		9E1CEA28285F631900D47189 /* IngredientDrinkSearchDataController.swift */ = {isa = PBXFileReference; lastKnownFileType = sourcecode.swift; path = IngredientDrinkSearchDataController.swift; sourceTree = "<group>"; };
		9E1CEA2A285F645700D47189 /* IngredientDrinkModel.swift */ = {isa = PBXFileReference; lastKnownFileType = sourcecode.swift; path = IngredientDrinkModel.swift; sourceTree = "<group>"; };
		9E1CEA2C285F65A900D47189 /* IngredientsDrinkView.swift */ = {isa = PBXFileReference; lastKnownFileType = sourcecode.swift; path = IngredientsDrinkView.swift; sourceTree = "<group>"; };
		9E1CEA30286A487200D47189 /* Launch Screen.storyboard */ = {isa = PBXFileReference; lastKnownFileType = file.storyboard; path = "Launch Screen.storyboard"; sourceTree = "<group>"; };
		9E1CEA32286BC32F00D47189 /* SearchDrinkViewModel.swift */ = {isa = PBXFileReference; lastKnownFileType = sourcecode.swift; path = SearchDrinkViewModel.swift; sourceTree = "<group>"; };
		9E1CEA34286BC7B500D47189 /* MainMenuViewModel.swift */ = {isa = PBXFileReference; lastKnownFileType = sourcecode.swift; path = MainMenuViewModel.swift; sourceTree = "<group>"; };
		9E1CEA36286CA36800D47189 /* SearchingredientsModelView.swift */ = {isa = PBXFileReference; lastKnownFileType = sourcecode.swift; path = SearchingredientsModelView.swift; sourceTree = "<group>"; };
		9E1CEA3A286CD5E900D47189 /* SearchingredientsHeaderView.swift */ = {isa = PBXFileReference; lastKnownFileType = sourcecode.swift; path = SearchingredientsHeaderView.swift; sourceTree = "<group>"; };
		9E1CEA3C286CD86E00D47189 /* searchIngredients3pickedView.swift */ = {isa = PBXFileReference; lastKnownFileType = sourcecode.swift; path = searchIngredients3pickedView.swift; sourceTree = "<group>"; };
		9E1CEA3E286CE0E300D47189 /* searchIngredientsBackButtonView.swift */ = {isa = PBXFileReference; lastKnownFileType = sourcecode.swift; path = searchIngredientsBackButtonView.swift; sourceTree = "<group>"; };
		9E1CEA40286CF66700D47189 /* searchIngredientsSearchButtonView.swift */ = {isa = PBXFileReference; lastKnownFileType = sourcecode.swift; path = searchIngredientsSearchButtonView.swift; sourceTree = "<group>"; };
		9E1CEA42286CF8CF00D47189 /* searchIngredientsTextFieldView.swift */ = {isa = PBXFileReference; lastKnownFileType = sourcecode.swift; path = searchIngredientsTextFieldView.swift; sourceTree = "<group>"; };
		9E1CEA44286D08DA00D47189 /* SearchIngredientsListTextView.swift */ = {isa = PBXFileReference; lastKnownFileType = sourcecode.swift; path = SearchIngredientsListTextView.swift; sourceTree = "<group>"; };
		9E1CEA47286DA80A00D47189 /* vodkaViewViewModel.swift */ = {isa = PBXFileReference; lastKnownFileType = sourcecode.swift; path = vodkaViewViewModel.swift; sourceTree = "<group>"; };
		9E1CEA49286DA9ED00D47189 /* ListLineView.swift */ = {isa = PBXFileReference; lastKnownFileType = sourcecode.swift; path = ListLineView.swift; sourceTree = "<group>"; };
		9E1CEA4B286DAD9900D47189 /* vodkaViewListView.swift */ = {isa = PBXFileReference; lastKnownFileType = sourcecode.swift; path = vodkaViewListView.swift; sourceTree = "<group>"; };
		9E1CEA4E286DB6C100D47189 /* ginViewViewModel.swift */ = {isa = PBXFileReference; lastKnownFileType = sourcecode.swift; path = ginViewViewModel.swift; sourceTree = "<group>"; };
		9E1CEA50286DB82700D47189 /* ginViewListView.swift */ = {isa = PBXFileReference; lastKnownFileType = sourcecode.swift; path = ginViewListView.swift; sourceTree = "<group>"; };
		9E1CEA55286DBAED00D47189 /* RumViewViewModel.swift */ = {isa = PBXFileReference; lastKnownFileType = sourcecode.swift; path = RumViewViewModel.swift; sourceTree = "<group>"; };
		9E1CEA58286DBC0F00D47189 /* RumViewListView.swift */ = {isa = PBXFileReference; lastKnownFileType = sourcecode.swift; path = RumViewListView.swift; sourceTree = "<group>"; };
		9E1CEA5A286DC07600D47189 /* NonViewViewModel.swift */ = {isa = PBXFileReference; lastKnownFileType = sourcecode.swift; path = NonViewViewModel.swift; sourceTree = "<group>"; };
		9E1CEA5D286DC1E900D47189 /* nonViewListView.swift */ = {isa = PBXFileReference; lastKnownFileType = sourcecode.swift; path = nonViewListView.swift; sourceTree = "<group>"; };
		9E1CEA5F286E412600D47189 /* MainMenuQuickLookupView.swift */ = {isa = PBXFileReference; lastKnownFileType = sourcecode.swift; path = MainMenuQuickLookupView.swift; sourceTree = "<group>"; };
		9E1CEA61286E42B400D47189 /* MostPopularView.swift */ = {isa = PBXFileReference; lastKnownFileType = sourcecode.swift; path = MostPopularView.swift; sourceTree = "<group>"; };
		9E1CEA63286E444700D47189 /* PopularRowView.swift */ = {isa = PBXFileReference; lastKnownFileType = sourcecode.swift; path = PopularRowView.swift; sourceTree = "<group>"; };
		9E1CEA65286E461900D47189 /* LatestAdditionsTitleView.swift */ = {isa = PBXFileReference; lastKnownFileType = sourcecode.swift; path = LatestAdditionsTitleView.swift; sourceTree = "<group>"; };
		9E1CEA67286E47F800D47189 /* LatestRowView.swift */ = {isa = PBXFileReference; lastKnownFileType = sourcecode.swift; path = LatestRowView.swift; sourceTree = "<group>"; };
		9E1CEA69286E498400D47189 /* RandomDrinkTitleView.swift */ = {isa = PBXFileReference; lastKnownFileType = sourcecode.swift; path = RandomDrinkTitleView.swift; sourceTree = "<group>"; };
		9E1CEA6C286E563100D47189 /* SearchDrinkListView.swift */ = {isa = PBXFileReference; lastKnownFileType = sourcecode.swift; path = SearchDrinkListView.swift; sourceTree = "<group>"; };
		9E1CEA6E286F89FB00D47189 /* SearchDrinkSearchTitle.swift */ = {isa = PBXFileReference; lastKnownFileType = sourcecode.swift; path = SearchDrinkSearchTitle.swift; sourceTree = "<group>"; };
		9E1CEA75286F9D9800D47189 /* typeViewListView.swift */ = {isa = PBXFileReference; lastKnownFileType = sourcecode.swift; path = typeViewListView.swift; sourceTree = "<group>"; };
		9E1CEA77286FA57200D47189 /* randomListlistView.swift */ = {isa = PBXFileReference; lastKnownFileType = sourcecode.swift; path = randomListlistView.swift; sourceTree = "<group>"; };
		9E1CEA79286FAC9600D47189 /* IngredientsDrinksViewListView.swift */ = {isa = PBXFileReference; lastKnownFileType = sourcecode.swift; path = IngredientsDrinksViewListView.swift; sourceTree = "<group>"; };
		9E1CEA7B286FADAC00D47189 /* IngredientsDrinkViewViewModel.swift */ = {isa = PBXFileReference; lastKnownFileType = sourcecode.swift; path = IngredientsDrinkViewViewModel.swift; sourceTree = "<group>"; };
		9E2467C8282DB0E90029FCEA /* Info.plist */ = {isa = PBXFileReference; lastKnownFileType = text.plist; path = Info.plist; sourceTree = "<group>"; };
		9E2468BC283D7C9E0029FCEA /* SwiftUIView.swift */ = {isa = PBXFileReference; lastKnownFileType = sourcecode.swift; path = SwiftUIView.swift; sourceTree = "<group>"; };
		9E2468C0283D9CCF0029FCEA /* nonDataController.swift */ = {isa = PBXFileReference; lastKnownFileType = sourcecode.swift; path = nonDataController.swift; sourceTree = "<group>"; };
		9E2468C2283D9E0F0029FCEA /* NonModel.swift */ = {isa = PBXFileReference; lastKnownFileType = sourcecode.swift; path = NonModel.swift; sourceTree = "<group>"; };
		9E2468C4283D9F560029FCEA /* NonView.swift */ = {isa = PBXFileReference; lastKnownFileType = sourcecode.swift; path = NonView.swift; sourceTree = "<group>"; };
		9E2468C72843B8010029FCEA /* UserDrinks.xcdatamodel */ = {isa = PBXFileReference; lastKnownFileType = wrapper.xcdatamodel; path = UserDrinks.xcdatamodel; sourceTree = "<group>"; };
		9E2468CA2843BB4E0029FCEA /* UserDrinksContainer.swift */ = {isa = PBXFileReference; lastKnownFileType = sourcecode.swift; path = UserDrinksContainer.swift; sourceTree = "<group>"; };
		9E2468CC2843BD6C0029FCEA /* UserDrinksAddView.swift */ = {isa = PBXFileReference; lastKnownFileType = sourcecode.swift; path = UserDrinksAddView.swift; sourceTree = "<group>"; };
		9E2468CE2843C1C50029FCEA /* UserDrinksView.swift */ = {isa = PBXFileReference; lastKnownFileType = sourcecode.swift; path = UserDrinksView.swift; sourceTree = "<group>"; };
		9E2468D02844027A0029FCEA /* UserDrinkMenu.swift */ = {isa = PBXFileReference; lastKnownFileType = sourcecode.swift; path = UserDrinkMenu.swift; sourceTree = "<group>"; };
		9E374EDF280CBA3900105B45 /* vodkaButtonView.swift */ = {isa = PBXFileReference; lastKnownFileType = sourcecode.swift; path = vodkaButtonView.swift; sourceTree = "<group>"; };
		9E374EE1280CBA6E00105B45 /* ginButtonView.swift */ = {isa = PBXFileReference; lastKnownFileType = sourcecode.swift; path = ginButtonView.swift; sourceTree = "<group>"; };
		9E374EE3280DC34200105B45 /* APIKeyFile.swift */ = {isa = PBXFileReference; lastKnownFileType = sourcecode.swift; path = APIKeyFile.swift; sourceTree = "<group>"; };
		9E374EE5280DFB6000105B45 /* popularDataController.swift */ = {isa = PBXFileReference; lastKnownFileType = sourcecode.swift; path = popularDataController.swift; sourceTree = "<group>"; };
		9E374EE7280DFBD600105B45 /* PopularModel.swift */ = {isa = PBXFileReference; lastKnownFileType = sourcecode.swift; path = PopularModel.swift; sourceTree = "<group>"; };
		9E3B349828077FD200D4ED08 /* ginDataController.swift */ = {isa = PBXFileReference; lastKnownFileType = sourcecode.swift; path = ginDataController.swift; sourceTree = "<group>"; };
		9E3B349A2807804500D4ED08 /* GinModel.swift */ = {isa = PBXFileReference; lastKnownFileType = sourcecode.swift; path = GinModel.swift; sourceTree = "<group>"; };
		9E3B349C2807813F00D4ED08 /* GinView.swift */ = {isa = PBXFileReference; lastKnownFileType = sourcecode.swift; path = GinView.swift; sourceTree = "<group>"; };
		9E3B349E280792F500D4ED08 /* vodkaDataController.swift */ = {isa = PBXFileReference; lastKnownFileType = sourcecode.swift; path = vodkaDataController.swift; sourceTree = "<group>"; };
		9E3B34A02807936800D4ED08 /* VodkaModel.swift */ = {isa = PBXFileReference; lastKnownFileType = sourcecode.swift; path = VodkaModel.swift; sourceTree = "<group>"; };
		9E3B34A22807940300D4ED08 /* VodkaView.swift */ = {isa = PBXFileReference; lastKnownFileType = sourcecode.swift; path = VodkaView.swift; sourceTree = "<group>"; };
		9E3B34A62807A25F00D4ED08 /* rumDataController.swift */ = {isa = PBXFileReference; lastKnownFileType = sourcecode.swift; path = rumDataController.swift; sourceTree = "<group>"; };
		9E3B34A82807A2B000D4ED08 /* RumModel.swift */ = {isa = PBXFileReference; lastKnownFileType = sourcecode.swift; path = RumModel.swift; sourceTree = "<group>"; };
		9E3B34AA2807A2F900D4ED08 /* RumView.swift */ = {isa = PBXFileReference; lastKnownFileType = sourcecode.swift; path = RumView.swift; sourceTree = "<group>"; };
		9E3B34AC2808B16000D4ED08 /* CocktailView.swift */ = {isa = PBXFileReference; lastKnownFileType = sourcecode.swift; path = CocktailView.swift; sourceTree = "<group>"; };
		9E3B34AE2808B1DC00D4ED08 /* CocktailModel.swift */ = {isa = PBXFileReference; lastKnownFileType = sourcecode.swift; path = CocktailModel.swift; sourceTree = "<group>"; };
		9E3B34B02808B3C800D4ED08 /* CocktailDataController.swift */ = {isa = PBXFileReference; lastKnownFileType = sourcecode.swift; path = CocktailDataController.swift; sourceTree = "<group>"; };
		9E486DEF28465BB2007A4913 /* typeDataController.swift */ = {isa = PBXFileReference; lastKnownFileType = sourcecode.swift; path = typeDataController.swift; sourceTree = "<group>"; };
		9E486DF128465D2E007A4913 /* TypeModel.swift */ = {isa = PBXFileReference; lastKnownFileType = sourcecode.swift; path = TypeModel.swift; sourceTree = "<group>"; };
		9E486DF3284660E1007A4913 /* typeView.swift */ = {isa = PBXFileReference; lastKnownFileType = sourcecode.swift; path = typeView.swift; sourceTree = "<group>"; };
		9E486DF528466D17007A4913 /* TypeMenu.swift */ = {isa = PBXFileReference; lastKnownFileType = sourcecode.swift; path = TypeMenu.swift; sourceTree = "<group>"; };
		9E486DF8284694E5007A4913 /* OrdinaryButtonView.swift */ = {isa = PBXFileReference; lastKnownFileType = sourcecode.swift; path = OrdinaryButtonView.swift; sourceTree = "<group>"; };
		9E486DFA284694FE007A4913 /* cocktailsButtonview.swift */ = {isa = PBXFileReference; lastKnownFileType = sourcecode.swift; path = cocktailsButtonview.swift; sourceTree = "<group>"; };
		9E486DFC2846950C007A4913 /* ShakeView.swift */ = {isa = PBXFileReference; lastKnownFileType = sourcecode.swift; path = ShakeView.swift; sourceTree = "<group>"; };
		9E486DFE2846951B007A4913 /* OtherUnknownView.swift */ = {isa = PBXFileReference; lastKnownFileType = sourcecode.swift; path = OtherUnknownView.swift; sourceTree = "<group>"; };
		9E486E002846952E007A4913 /* cocoaView.swift */ = {isa = PBXFileReference; lastKnownFileType = sourcecode.swift; path = cocoaView.swift; sourceTree = "<group>"; };
		9E486E022846953E007A4913 /* ShotView.swift */ = {isa = PBXFileReference; lastKnownFileType = sourcecode.swift; path = ShotView.swift; sourceTree = "<group>"; };
		9E486E042846954A007A4913 /* CoffeeView.swift */ = {isa = PBXFileReference; lastKnownFileType = sourcecode.swift; path = CoffeeView.swift; sourceTree = "<group>"; };
		9E486E0628469559007A4913 /* HomemadeView.swift */ = {isa = PBXFileReference; lastKnownFileType = sourcecode.swift; path = HomemadeView.swift; sourceTree = "<group>"; };
		9E486E0828469566007A4913 /* PartyView.swift */ = {isa = PBXFileReference; lastKnownFileType = sourcecode.swift; path = PartyView.swift; sourceTree = "<group>"; };
		9E486E0A28469572007A4913 /* BeerView.swift */ = {isa = PBXFileReference; lastKnownFileType = sourcecode.swift; path = BeerView.swift; sourceTree = "<group>"; };
		9E486E0C28469580007A4913 /* SoftDrinkView.swift */ = {isa = PBXFileReference; lastKnownFileType = sourcecode.swift; path = SoftDrinkView.swift; sourceTree = "<group>"; };
		9E486E0E2846B069007A4913 /* UserDrinkType.swift */ = {isa = PBXFileReference; lastKnownFileType = sourcecode.swift; path = UserDrinkType.swift; sourceTree = "<group>"; };
		9E56121327FF7E6B004A8834 /* Cocktail.app */ = {isa = PBXFileReference; explicitFileType = wrapper.application; includeInIndex = 0; path = Cocktail.app; sourceTree = BUILT_PRODUCTS_DIR; };
		9E56121627FF7E6B004A8834 /* CocktailApp.swift */ = {isa = PBXFileReference; lastKnownFileType = sourcecode.swift; path = CocktailApp.swift; sourceTree = "<group>"; };
		9E56121827FF7E6B004A8834 /* ContentView.swift */ = {isa = PBXFileReference; lastKnownFileType = sourcecode.swift; path = ContentView.swift; sourceTree = "<group>"; };
		9E56121A27FF7E6F004A8834 /* Assets.xcassets */ = {isa = PBXFileReference; lastKnownFileType = folder.assetcatalog; path = Assets.xcassets; sourceTree = "<group>"; };
		9E56121D27FF7E6F004A8834 /* Preview Assets.xcassets */ = {isa = PBXFileReference; lastKnownFileType = folder.assetcatalog; path = "Preview Assets.xcassets"; sourceTree = "<group>"; };
		9E56122327FF7E6F004A8834 /* CocktailTests.xctest */ = {isa = PBXFileReference; explicitFileType = wrapper.cfbundle; includeInIndex = 0; path = CocktailTests.xctest; sourceTree = BUILT_PRODUCTS_DIR; };
		9E56122727FF7E6F004A8834 /* CocktailTests.swift */ = {isa = PBXFileReference; lastKnownFileType = sourcecode.swift; path = CocktailTests.swift; sourceTree = "<group>"; };
		9E56122D27FF7E6F004A8834 /* CocktailUITests.xctest */ = {isa = PBXFileReference; explicitFileType = wrapper.cfbundle; includeInIndex = 0; path = CocktailUITests.xctest; sourceTree = BUILT_PRODUCTS_DIR; };
		9E56123127FF7E6F004A8834 /* CocktailUITests.swift */ = {isa = PBXFileReference; lastKnownFileType = sourcecode.swift; path = CocktailUITests.swift; sourceTree = "<group>"; };
		9E56123327FF7E6F004A8834 /* CocktailUITestsLaunchTests.swift */ = {isa = PBXFileReference; lastKnownFileType = sourcecode.swift; path = CocktailUITestsLaunchTests.swift; sourceTree = "<group>"; };
		9E56124227FF9276004A8834 /* MainMenu.swift */ = {isa = PBXFileReference; lastKnownFileType = sourcecode.swift; path = MainMenu.swift; sourceTree = "<group>"; };
		9E561249280065D0004A8834 /* RandomCocktailView.swift */ = {isa = PBXFileReference; lastKnownFileType = sourcecode.swift; path = RandomCocktailView.swift; sourceTree = "<group>"; };
		9E56124D28006685004A8834 /* RandomCocktailDataController.swift */ = {isa = PBXFileReference; lastKnownFileType = sourcecode.swift; path = RandomCocktailDataController.swift; sourceTree = "<group>"; };
		9E56124F28007734004A8834 /* RandomCocktailModel.swift */ = {isa = PBXFileReference; lastKnownFileType = sourcecode.swift; path = RandomCocktailModel.swift; sourceTree = "<group>"; };
		9EA305012857F8D1004679AB /* SearchDrinkView.swift */ = {isa = PBXFileReference; lastKnownFileType = sourcecode.swift; path = SearchDrinkView.swift; sourceTree = "<group>"; };
		9EA305032857FE7F004679AB /* DrinkNameDataController.swift */ = {isa = PBXFileReference; lastKnownFileType = sourcecode.swift; path = DrinkNameDataController.swift; sourceTree = "<group>"; };
		9EA305052857FF26004679AB /* DrinkNameModel.swift */ = {isa = PBXFileReference; lastKnownFileType = sourcecode.swift; path = DrinkNameModel.swift; sourceTree = "<group>"; };
		9EA3050B285BDCA7004679AB /* SearchMenuView.swift */ = {isa = PBXFileReference; lastKnownFileType = sourcecode.swift; path = SearchMenuView.swift; sourceTree = "<group>"; };
		9EA6254A28149E7B0044A5D4 /* latestDataController.swift */ = {isa = PBXFileReference; lastKnownFileType = sourcecode.swift; path = latestDataController.swift; sourceTree = "<group>"; };
		9EA6254C28149EDD0044A5D4 /* LatestModel.swift */ = {isa = PBXFileReference; lastKnownFileType = sourcecode.swift; path = LatestModel.swift; sourceTree = "<group>"; };
		9EE9E199280CB72400ACECCD /* rumButtonView.swift */ = {isa = PBXFileReference; lastKnownFileType = sourcecode.swift; path = rumButtonView.swift; sourceTree = "<group>"; };
		9EEE8D682855247A008FFA5D /* AddDrinkbutton.swift */ = {isa = PBXFileReference; lastKnownFileType = sourcecode.swift; path = AddDrinkbutton.swift; sourceTree = "<group>"; };
		9EEE8D6A285556EA008FFA5D /* LuckDipButtonView.swift */ = {isa = PBXFileReference; lastKnownFileType = sourcecode.swift; path = LuckDipButtonView.swift; sourceTree = "<group>"; };
		9EEE8D6C285558EC008FFA5D /* RandomListButtonView.swift */ = {isa = PBXFileReference; lastKnownFileType = sourcecode.swift; path = RandomListButtonView.swift; sourceTree = "<group>"; };
		9EEE8D6E2855615B008FFA5D /* SearchByViewButton.swift */ = {isa = PBXFileReference; lastKnownFileType = sourcecode.swift; path = SearchByViewButton.swift; sourceTree = "<group>"; };
		9EEE8D7028556535008FFA5D /* RandomListDataController.swift */ = {isa = PBXFileReference; lastKnownFileType = sourcecode.swift; path = RandomListDataController.swift; sourceTree = "<group>"; };
		9EEE8D742855667E008FFA5D /* RandomListModel.swift */ = {isa = PBXFileReference; lastKnownFileType = sourcecode.swift; path = RandomListModel.swift; sourceTree = "<group>"; };
		9EEE8D76285567D6008FFA5D /* RandomlListView.swift */ = {isa = PBXFileReference; lastKnownFileType = sourcecode.swift; path = RandomlListView.swift; sourceTree = "<group>"; };
/* End PBXFileReference section */

/* Begin PBXFrameworksBuildPhase section */
		9E56121027FF7E6B004A8834 /* Frameworks */ = {
			isa = PBXFrameworksBuildPhase;
			buildActionMask = 2147483647;
			files = (
			);
			runOnlyForDeploymentPostprocessing = 0;
		};
		9E56122027FF7E6F004A8834 /* Frameworks */ = {
			isa = PBXFrameworksBuildPhase;
			buildActionMask = 2147483647;
			files = (
			);
			runOnlyForDeploymentPostprocessing = 0;
		};
		9E56122A27FF7E6F004A8834 /* Frameworks */ = {
			isa = PBXFrameworksBuildPhase;
			buildActionMask = 2147483647;
			files = (
			);
			runOnlyForDeploymentPostprocessing = 0;
		};
/* End PBXFrameworksBuildPhase section */

/* Begin PBXGroup section */
		9E1CEA38286CD56C00D47189 /* SearchIngredients */ = {
			isa = PBXGroup;
			children = (
				9E1CEA39286CD59D00D47189 /* SearchIngredientsSubViews */,
				9E1CEA26285F4DF500D47189 /* SearchIngredients.swift */,
			);
			path = SearchIngredients;
			sourceTree = "<group>";
		};
		9E1CEA39286CD59D00D47189 /* SearchIngredientsSubViews */ = {
			isa = PBXGroup;
			children = (
				9E1CEA3A286CD5E900D47189 /* SearchingredientsHeaderView.swift */,
				9E1CEA3C286CD86E00D47189 /* searchIngredients3pickedView.swift */,
				9E1CEA3E286CE0E300D47189 /* searchIngredientsBackButtonView.swift */,
				9E1CEA40286CF66700D47189 /* searchIngredientsSearchButtonView.swift */,
				9E1CEA42286CF8CF00D47189 /* searchIngredientsTextFieldView.swift */,
				9E1CEA44286D08DA00D47189 /* SearchIngredientsListTextView.swift */,
			);
			path = SearchIngredientsSubViews;
			sourceTree = "<group>";
		};
		9E1CEA46286DA4B300D47189 /* VodkaViewSubViews */ = {
			isa = PBXGroup;
			children = (
				9E1CEA49286DA9ED00D47189 /* ListLineView.swift */,
				9E1CEA4B286DAD9900D47189 /* vodkaViewListView.swift */,
			);
			path = VodkaViewSubViews;
			sourceTree = "<group>";
		};
		9E1CEA4D286DB68F00D47189 /* GinViewSubViews */ = {
			isa = PBXGroup;
			children = (
				9E1CEA50286DB82700D47189 /* ginViewListView.swift */,
			);
			path = GinViewSubViews;
			sourceTree = "<group>";
		};
		9E1CEA52286DB94E00D47189 /* Lists */ = {
			isa = PBXGroup;
			children = (
				9E3B34AA2807A2F900D4ED08 /* RumView.swift */,
				9E1CEA77286FA57200D47189 /* randomListlistView.swift */,
				9EEE8D76285567D6008FFA5D /* RandomlListView.swift */,
				9E1CEA57286DBBC800D47189 /* RumViewSubViews */,
				9E1CEA46286DA4B300D47189 /* VodkaViewSubViews */,
				9E3B34A22807940300D4ED08 /* VodkaView.swift */,
				9E1CEA4D286DB68F00D47189 /* GinViewSubViews */,
				9E3B349C2807813F00D4ED08 /* GinView.swift */,
				9E1CEA74286F99BE00D47189 /* typeViewSubViews */,
				9E486DF3284660E1007A4913 /* typeView.swift */,
				9E2468C4283D9F560029FCEA /* NonView.swift */,
				9E1CEA5C286DC10F00D47189 /* NonViewSubViews */,
			);
			path = Lists;
			sourceTree = "<group>";
		};
		9E1CEA53286DBA1A00D47189 /* DataControllerModels */ = {
			isa = PBXGroup;
			children = (
				9E3B34AE2808B1DC00D4ED08 /* CocktailModel.swift */,
				9E374EE7280DFBD600105B45 /* PopularModel.swift */,
				9EA6254C28149EDD0044A5D4 /* LatestModel.swift */,
				9E2468C2283D9E0F0029FCEA /* NonModel.swift */,
				9E3B349A2807804500D4ED08 /* GinModel.swift */,
				9E3B34A82807A2B000D4ED08 /* RumModel.swift */,
				9E1CEA2A285F645700D47189 /* IngredientDrinkModel.swift */,
				9E3B34A02807936800D4ED08 /* VodkaModel.swift */,
				9EEE8D742855667E008FFA5D /* RandomListModel.swift */,
				9E486DF128465D2E007A4913 /* TypeModel.swift */,
				9E1CEA24285F4D4300D47189 /* IngredientsModel.swift */,
				9EA305052857FF26004679AB /* DrinkNameModel.swift */,
				9E56124F28007734004A8834 /* RandomCocktailModel.swift */,
			);
			path = DataControllerModels;
			sourceTree = "<group>";
		};
		9E1CEA54286DBA6200D47189 /* ViewModels */ = {
			isa = PBXGroup;
			children = (
				9E1CEA34286BC7B500D47189 /* MainMenuViewModel.swift */,
				9E1CEA5A286DC07600D47189 /* NonViewViewModel.swift */,
				9E1CEA47286DA80A00D47189 /* vodkaViewViewModel.swift */,
				9E1CEA4E286DB6C100D47189 /* ginViewViewModel.swift */,
				9E1CEA55286DBAED00D47189 /* RumViewViewModel.swift */,
				9E1CEA36286CA36800D47189 /* SearchingredientsModelView.swift */,
				9E1CEA32286BC32F00D47189 /* SearchDrinkViewModel.swift */,
				9E1CEA7B286FADAC00D47189 /* IngredientsDrinkViewViewModel.swift */,
			);
			path = ViewModels;
			sourceTree = "<group>";
		};
		9E1CEA57286DBBC800D47189 /* RumViewSubViews */ = {
			isa = PBXGroup;
			children = (
				9E1CEA58286DBC0F00D47189 /* RumViewListView.swift */,
			);
			path = RumViewSubViews;
			sourceTree = "<group>";
		};
		9E1CEA5C286DC10F00D47189 /* NonViewSubViews */ = {
			isa = PBXGroup;
			children = (
				9E1CEA5D286DC1E900D47189 /* nonViewListView.swift */,
			);
			path = NonViewSubViews;
			sourceTree = "<group>";
		};
		9E1CEA6B286E55F100D47189 /* SearchDrinkSubViews */ = {
			isa = PBXGroup;
			children = (
				9E1CEA6C286E563100D47189 /* SearchDrinkListView.swift */,
				9E1CEA6E286F89FB00D47189 /* SearchDrinkSearchTitle.swift */,
			);
			path = SearchDrinkSubViews;
			sourceTree = "<group>";
		};
		9E1CEA70286F8C3B00D47189 /* SearchDrinks */ = {
			isa = PBXGroup;
			children = (
				9E1CEA6B286E55F100D47189 /* SearchDrinkSubViews */,
				9EA305012857F8D1004679AB /* SearchDrinkView.swift */,
			);
			path = SearchDrinks;
			sourceTree = "<group>";
		};
		9E1CEA71286F8C6400D47189 /* MainMenu */ = {
			isa = PBXGroup;
			children = (
				9E56124227FF9276004A8834 /* MainMenu.swift */,
				9EE9E196280CB69000ACECCD /* MainMenuSubViews */,
			);
			path = MainMenu;
			sourceTree = "<group>";
		};
		9E1CEA74286F99BE00D47189 /* typeViewSubViews */ = {
			isa = PBXGroup;
			children = (
				9E1CEA75286F9D9800D47189 /* typeViewListView.swift */,
			);
			path = typeViewSubViews;
			sourceTree = "<group>";
		};
		9E2468C92843BB070029FCEA /* CoreData */ = {
			isa = PBXGroup;
			children = (
				9E2468C62843B8010029FCEA /* UserDrinks.xcdatamodeld */,
				9E2468CA2843BB4E0029FCEA /* UserDrinksContainer.swift */,
			);
			path = CoreData;
			sourceTree = "<group>";
		};
		9E486DF728469469007A4913 /* typeMenuSubViews */ = {
			isa = PBXGroup;
			children = (
				9E486DF8284694E5007A4913 /* OrdinaryButtonView.swift */,
				9E486DFA284694FE007A4913 /* cocktailsButtonview.swift */,
				9E486DFC2846950C007A4913 /* ShakeView.swift */,
				9E486DFE2846951B007A4913 /* OtherUnknownView.swift */,
				9E486E002846952E007A4913 /* cocoaView.swift */,
				9E486E022846953E007A4913 /* ShotView.swift */,
				9E486E042846954A007A4913 /* CoffeeView.swift */,
				9E486E0628469559007A4913 /* HomemadeView.swift */,
				9E486E0828469566007A4913 /* PartyView.swift */,
				9E486E0A28469572007A4913 /* BeerView.swift */,
				9E486E0C28469580007A4913 /* SoftDrinkView.swift */,
				9E486E0E2846B069007A4913 /* UserDrinkType.swift */,
				9EEE8D6A285556EA008FFA5D /* LuckDipButtonView.swift */,
				9EEE8D682855247A008FFA5D /* AddDrinkbutton.swift */,
				9EEE8D6C285558EC008FFA5D /* RandomListButtonView.swift */,
				9EEE8D6E2855615B008FFA5D /* SearchByViewButton.swift */,
			);
			path = typeMenuSubViews;
			sourceTree = "<group>";
		};
		9E56120A27FF7E6B004A8834 = {
			isa = PBXGroup;
			children = (
				9E56121527FF7E6B004A8834 /* Cocktail */,
				9E56122627FF7E6F004A8834 /* CocktailTests */,
				9E56123027FF7E6F004A8834 /* CocktailUITests */,
				9E56121427FF7E6B004A8834 /* Products */,
			);
			sourceTree = "<group>";
		};
		9E56121427FF7E6B004A8834 /* Products */ = {
			isa = PBXGroup;
			children = (
				9E56121327FF7E6B004A8834 /* Cocktail.app */,
				9E56122327FF7E6F004A8834 /* CocktailTests.xctest */,
				9E56122D27FF7E6F004A8834 /* CocktailUITests.xctest */,
			);
			name = Products;
			sourceTree = "<group>";
		};
		9E56121527FF7E6B004A8834 /* Cocktail */ = {
			isa = PBXGroup;
			children = (
				9E2468C92843BB070029FCEA /* CoreData */,
				9E2467C8282DB0E90029FCEA /* Info.plist */,
				9E561248280063D5004A8834 /* SupportFiles */,
				9E561247280063B6004A8834 /* DataControllers */,
				9E561246280063AD004A8834 /* Views */,
				9E56124428006394004A8834 /* Models */,
				9E56121A27FF7E6F004A8834 /* Assets.xcassets */,
				9E56121C27FF7E6F004A8834 /* Preview Content */,
			);
			path = Cocktail;
			sourceTree = "<group>";
		};
		9E56121C27FF7E6F004A8834 /* Preview Content */ = {
			isa = PBXGroup;
			children = (
				9E56121D27FF7E6F004A8834 /* Preview Assets.xcassets */,
			);
			path = "Preview Content";
			sourceTree = "<group>";
		};
		9E56122627FF7E6F004A8834 /* CocktailTests */ = {
			isa = PBXGroup;
			children = (
				9E56122727FF7E6F004A8834 /* CocktailTests.swift */,
			);
			path = CocktailTests;
			sourceTree = "<group>";
		};
		9E56123027FF7E6F004A8834 /* CocktailUITests */ = {
			isa = PBXGroup;
			children = (
				9E56123127FF7E6F004A8834 /* CocktailUITests.swift */,
				9E56123327FF7E6F004A8834 /* CocktailUITestsLaunchTests.swift */,
			);
			path = CocktailUITests;
			sourceTree = "<group>";
		};
		9E56124428006394004A8834 /* Models */ = {
			isa = PBXGroup;
			children = (
				9E1CEA54286DBA6200D47189 /* ViewModels */,
				9E1CEA53286DBA1A00D47189 /* DataControllerModels */,
			);
			path = Models;
			sourceTree = "<group>";
		};
		9E561246280063AD004A8834 /* Views */ = {
			isa = PBXGroup;
			children = (
				9E1CEA71286F8C6400D47189 /* MainMenu */,
				9E1CEA70286F8C3B00D47189 /* SearchDrinks */,
				9E1CEA52286DB94E00D47189 /* Lists */,
				9E486DF728469469007A4913 /* typeMenuSubViews */,
				9E2468BC283D7C9E0029FCEA /* SwiftUIView.swift */,
				9E1CEA38286CD56C00D47189 /* SearchIngredients */,
				9E561249280065D0004A8834 /* RandomCocktailView.swift */,
				9E3B34AC2808B16000D4ED08 /* CocktailView.swift */,
				9E2468CC2843BD6C0029FCEA /* UserDrinksAddView.swift */,
				9E2468D02844027A0029FCEA /* UserDrinkMenu.swift */,
				9E2468CE2843C1C50029FCEA /* UserDrinksView.swift */,
				9E486DF528466D17007A4913 /* TypeMenu.swift */,
				9EA3050B285BDCA7004679AB /* SearchMenuView.swift */,
				9E1CEA2C285F65A900D47189 /* IngredientsDrinkView.swift */,
				9E1CEA79286FAC9600D47189 /* IngredientsDrinksViewListView.swift */,
			);
			path = Views;
			sourceTree = "<group>";
		};
		9E561247280063B6004A8834 /* DataControllers */ = {
			isa = PBXGroup;
			children = (
				9E56124D28006685004A8834 /* RandomCocktailDataController.swift */,
				9E3B349828077FD200D4ED08 /* ginDataController.swift */,
				9E374EE5280DFB6000105B45 /* popularDataController.swift */,
				9E3B34B02808B3C800D4ED08 /* CocktailDataController.swift */,
				9E3B349E280792F500D4ED08 /* vodkaDataController.swift */,
				9E3B34A62807A25F00D4ED08 /* rumDataController.swift */,
				9EA6254A28149E7B0044A5D4 /* latestDataController.swift */,
				9E2468C0283D9CCF0029FCEA /* nonDataController.swift */,
				9E486DEF28465BB2007A4913 /* typeDataController.swift */,
				9EA305032857FE7F004679AB /* DrinkNameDataController.swift */,
				9EEE8D7028556535008FFA5D /* RandomListDataController.swift */,
				9E1CEA22285F4C6500D47189 /* IngredientsListDataController.swift */,
				9E1CEA28285F631900D47189 /* IngredientDrinkSearchDataController.swift */,
			);
			path = DataControllers;
			sourceTree = "<group>";
		};
		9E561248280063D5004A8834 /* SupportFiles */ = {
			isa = PBXGroup;
			children = (
				9E56121827FF7E6B004A8834 /* ContentView.swift */,
				9E56121627FF7E6B004A8834 /* CocktailApp.swift */,
				9E1CEA30286A487200D47189 /* Launch Screen.storyboard */,
				9E374EE3280DC34200105B45 /* APIKeyFile.swift */,
			);
			path = SupportFiles;
			sourceTree = "<group>";
		};
		9EE9E196280CB69000ACECCD /* MainMenuSubViews */ = {
			isa = PBXGroup;
			children = (
				9EE9E199280CB72400ACECCD /* rumButtonView.swift */,
				9E374EDF280CBA3900105B45 /* vodkaButtonView.swift */,
				9E374EE1280CBA6E00105B45 /* ginButtonView.swift */,
				9E1CEA5F286E412600D47189 /* MainMenuQuickLookupView.swift */,
				9E1CEA61286E42B400D47189 /* MostPopularView.swift */,
				9E1CEA63286E444700D47189 /* PopularRowView.swift */,
				9E1CEA65286E461900D47189 /* LatestAdditionsTitleView.swift */,
				9E1CEA67286E47F800D47189 /* LatestRowView.swift */,
				9E1CEA69286E498400D47189 /* RandomDrinkTitleView.swift */,
			);
			path = MainMenuSubViews;
			sourceTree = "<group>";
		};
/* End PBXGroup section */

/* Begin PBXNativeTarget section */
		9E56121227FF7E6B004A8834 /* Cocktail */ = {
			isa = PBXNativeTarget;
			buildConfigurationList = 9E56123727FF7E6F004A8834 /* Build configuration list for PBXNativeTarget "Cocktail" */;
			buildPhases = (
				9E56120F27FF7E6B004A8834 /* Sources */,
				9E56121027FF7E6B004A8834 /* Frameworks */,
				9E56121127FF7E6B004A8834 /* Resources */,
			);
			buildRules = (
			);
			dependencies = (
			);
			name = Cocktail;
			productName = Cocktail;
			productReference = 9E56121327FF7E6B004A8834 /* Cocktail.app */;
			productType = "com.apple.product-type.application";
		};
		9E56122227FF7E6F004A8834 /* CocktailTests */ = {
			isa = PBXNativeTarget;
			buildConfigurationList = 9E56123A27FF7E6F004A8834 /* Build configuration list for PBXNativeTarget "CocktailTests" */;
			buildPhases = (
				9E56121F27FF7E6F004A8834 /* Sources */,
				9E56122027FF7E6F004A8834 /* Frameworks */,
				9E56122127FF7E6F004A8834 /* Resources */,
			);
			buildRules = (
			);
			dependencies = (
				9E56122527FF7E6F004A8834 /* PBXTargetDependency */,
			);
			name = CocktailTests;
			productName = CocktailTests;
			productReference = 9E56122327FF7E6F004A8834 /* CocktailTests.xctest */;
			productType = "com.apple.product-type.bundle.unit-test";
		};
		9E56122C27FF7E6F004A8834 /* CocktailUITests */ = {
			isa = PBXNativeTarget;
			buildConfigurationList = 9E56123D27FF7E6F004A8834 /* Build configuration list for PBXNativeTarget "CocktailUITests" */;
			buildPhases = (
				9E56122927FF7E6F004A8834 /* Sources */,
				9E56122A27FF7E6F004A8834 /* Frameworks */,
				9E56122B27FF7E6F004A8834 /* Resources */,
			);
			buildRules = (
			);
			dependencies = (
				9E56122F27FF7E6F004A8834 /* PBXTargetDependency */,
			);
			name = CocktailUITests;
			productName = CocktailUITests;
			productReference = 9E56122D27FF7E6F004A8834 /* CocktailUITests.xctest */;
			productType = "com.apple.product-type.bundle.ui-testing";
		};
/* End PBXNativeTarget section */

/* Begin PBXProject section */
		9E56120B27FF7E6B004A8834 /* Project object */ = {
			isa = PBXProject;
			attributes = {
				BuildIndependentTargetsInParallel = 1;
				LastSwiftUpdateCheck = 1330;
				LastUpgradeCheck = 1330;
				TargetAttributes = {
					9E56121227FF7E6B004A8834 = {
						CreatedOnToolsVersion = 13.3;
					};
					9E56122227FF7E6F004A8834 = {
						CreatedOnToolsVersion = 13.3;
						TestTargetID = 9E56121227FF7E6B004A8834;
					};
					9E56122C27FF7E6F004A8834 = {
						CreatedOnToolsVersion = 13.3;
						TestTargetID = 9E56121227FF7E6B004A8834;
					};
				};
			};
			buildConfigurationList = 9E56120E27FF7E6B004A8834 /* Build configuration list for PBXProject "Cocktail" */;
			compatibilityVersion = "Xcode 13.0";
			developmentRegion = en;
			hasScannedForEncodings = 0;
			knownRegions = (
				en,
				Base,
			);
			mainGroup = 9E56120A27FF7E6B004A8834;
			productRefGroup = 9E56121427FF7E6B004A8834 /* Products */;
			projectDirPath = "";
			projectRoot = "";
			targets = (
				9E56121227FF7E6B004A8834 /* Cocktail */,
				9E56122227FF7E6F004A8834 /* CocktailTests */,
				9E56122C27FF7E6F004A8834 /* CocktailUITests */,
			);
		};
/* End PBXProject section */

/* Begin PBXResourcesBuildPhase section */
		9E56121127FF7E6B004A8834 /* Resources */ = {
			isa = PBXResourcesBuildPhase;
			buildActionMask = 2147483647;
			files = (
				9E56121E27FF7E6F004A8834 /* Preview Assets.xcassets in Resources */,
				9E1CEA31286A487200D47189 /* Launch Screen.storyboard in Resources */,
				9E56121B27FF7E6F004A8834 /* Assets.xcassets in Resources */,
			);
			runOnlyForDeploymentPostprocessing = 0;
		};
		9E56122127FF7E6F004A8834 /* Resources */ = {
			isa = PBXResourcesBuildPhase;
			buildActionMask = 2147483647;
			files = (
			);
			runOnlyForDeploymentPostprocessing = 0;
		};
		9E56122B27FF7E6F004A8834 /* Resources */ = {
			isa = PBXResourcesBuildPhase;
			buildActionMask = 2147483647;
			files = (
			);
			runOnlyForDeploymentPostprocessing = 0;
		};
/* End PBXResourcesBuildPhase section */

/* Begin PBXSourcesBuildPhase section */
		9E56120F27FF7E6B004A8834 /* Sources */ = {
			isa = PBXSourcesBuildPhase;
			buildActionMask = 2147483647;
			files = (
				9E486E012846952E007A4913 /* cocoaView.swift in Sources */,
				9E1CEA43286CF8CF00D47189 /* searchIngredientsTextFieldView.swift in Sources */,
				9EEE8D7128556535008FFA5D /* RandomListDataController.swift in Sources */,
				9E1CEA45286D08DA00D47189 /* SearchIngredientsListTextView.swift in Sources */,
				9E3B34AD2808B16000D4ED08 /* CocktailView.swift in Sources */,
				9EE9E19A280CB72400ACECCD /* rumButtonView.swift in Sources */,
				9E56124E28006685004A8834 /* RandomCocktailDataController.swift in Sources */,
				9E3B34A12807936800D4ED08 /* VodkaModel.swift in Sources */,
				9EEE8D6B285556EA008FFA5D /* LuckDipButtonView.swift in Sources */,
				9E486DFB284694FE007A4913 /* cocktailsButtonview.swift in Sources */,
				9E1CEA35286BC7B500D47189 /* MainMenuViewModel.swift in Sources */,
				9E56121927FF7E6B004A8834 /* ContentView.swift in Sources */,
				9E1CEA51286DB82700D47189 /* ginViewListView.swift in Sources */,
				9E1CEA3B286CD5E900D47189 /* SearchingredientsHeaderView.swift in Sources */,
				9E1CEA59286DBC0F00D47189 /* RumViewListView.swift in Sources */,
				9E1CEA76286F9D9800D47189 /* typeViewListView.swift in Sources */,
				9E486E0B28469572007A4913 /* BeerView.swift in Sources */,
				9E1CEA48286DA80B00D47189 /* vodkaViewViewModel.swift in Sources */,
				9E2468C3283D9E0F0029FCEA /* NonModel.swift in Sources */,
				9E56124A280065D0004A8834 /* RandomCocktailView.swift in Sources */,
				9E2468C1283D9CCF0029FCEA /* nonDataController.swift in Sources */,
				9E1CEA4C286DAD9900D47189 /* vodkaViewListView.swift in Sources */,
				9E1CEA23285F4C6500D47189 /* IngredientsListDataController.swift in Sources */,
				9E486E0F2846B069007A4913 /* UserDrinkType.swift in Sources */,
				9E486DF228465D2E007A4913 /* TypeModel.swift in Sources */,
				9EA3050C285BDCA7004679AB /* SearchMenuView.swift in Sources */,
				9E486DF628466D17007A4913 /* TypeMenu.swift in Sources */,
				9E1CEA41286CF66700D47189 /* searchIngredientsSearchButtonView.swift in Sources */,
				9EEE8D6F2855615B008FFA5D /* SearchByViewButton.swift in Sources */,
				9E486DF028465BB2007A4913 /* typeDataController.swift in Sources */,
				9E3B349B2807804500D4ED08 /* GinModel.swift in Sources */,
				9E1CEA7C286FADAC00D47189 /* IngredientsDrinkViewViewModel.swift in Sources */,
				9E2468CF2843C1C50029FCEA /* UserDrinksView.swift in Sources */,
				9E3B34B12808B3C800D4ED08 /* CocktailDataController.swift in Sources */,
				9E3B34A32807940300D4ED08 /* VodkaView.swift in Sources */,
				9E3B349F280792F500D4ED08 /* vodkaDataController.swift in Sources */,
				9E1CEA3D286CD86E00D47189 /* searchIngredients3pickedView.swift in Sources */,
				9EA305062857FF26004679AB /* DrinkNameModel.swift in Sources */,
				9EA305022857F8D1004679AB /* SearchDrinkView.swift in Sources */,
				9E486E0928469566007A4913 /* PartyView.swift in Sources */,
				9E1CEA78286FA57200D47189 /* randomListlistView.swift in Sources */,
				9E486DF4284660E1007A4913 /* typeView.swift in Sources */,
				9E3B34AF2808B1DC00D4ED08 /* CocktailModel.swift in Sources */,
				9E56125028007734004A8834 /* RandomCocktailModel.swift in Sources */,
				9E2468CD2843BD6C0029FCEA /* UserDrinksAddView.swift in Sources */,
				9E374EE6280DFB6000105B45 /* popularDataController.swift in Sources */,
				9E56121727FF7E6B004A8834 /* CocktailApp.swift in Sources */,
				9E374EE4280DC34200105B45 /* APIKeyFile.swift in Sources */,
				9E486E0728469559007A4913 /* HomemadeView.swift in Sources */,
				9EEE8D692855247A008FFA5D /* AddDrinkbutton.swift in Sources */,
				9E2468BD283D7C9E0029FCEA /* SwiftUIView.swift in Sources */,
				9E1CEA3F286CE0E300D47189 /* searchIngredientsBackButtonView.swift in Sources */,
				9E486DFF2846951B007A4913 /* OtherUnknownView.swift in Sources */,
				9EEE8D752855667E008FFA5D /* RandomListModel.swift in Sources */,
				9E1CEA27285F4DF500D47189 /* SearchIngredients.swift in Sources */,
				9E486DF9284694E6007A4913 /* OrdinaryButtonView.swift in Sources */,
				9E2468D12844027A0029FCEA /* UserDrinkMenu.swift in Sources */,
				9E486E032846953E007A4913 /* ShotView.swift in Sources */,
				9E1CEA60286E412600D47189 /* MainMenuQuickLookupView.swift in Sources */,
				9E1CEA62286E42B400D47189 /* MostPopularView.swift in Sources */,
				9E2468C5283D9F560029FCEA /* NonView.swift in Sources */,
				9E1CEA4A286DA9EE00D47189 /* ListLineView.swift in Sources */,
				9EA6254D28149EDE0044A5D4 /* LatestModel.swift in Sources */,
				9E1CEA6F286F89FB00D47189 /* SearchDrinkSearchTitle.swift in Sources */,
				9E486DFD2846950C007A4913 /* ShakeView.swift in Sources */,
				9E3B349D2807813F00D4ED08 /* GinView.swift in Sources */,
				9E1CEA5E286DC1E900D47189 /* nonViewListView.swift in Sources */,
				9E486E052846954A007A4913 /* CoffeeView.swift in Sources */,
				9EA305042857FE7F004679AB /* DrinkNameDataController.swift in Sources */,
				9E374EE8280DFBD600105B45 /* PopularModel.swift in Sources */,
				9E1CEA6D286E563100D47189 /* SearchDrinkListView.swift in Sources */,
				9E1CEA6A286E498400D47189 /* RandomDrinkTitleView.swift in Sources */,
				9E1CEA25285F4D4300D47189 /* IngredientsModel.swift in Sources */,
				9E1CEA68286E47F800D47189 /* LatestRowView.swift in Sources */,
				9E2468CB2843BB4E0029FCEA /* UserDrinksContainer.swift in Sources */,
				9E486E0D28469580007A4913 /* SoftDrinkView.swift in Sources */,
				9E1CEA37286CA36800D47189 /* SearchingredientsModelView.swift in Sources */,
				9E1CEA64286E444800D47189 /* PopularRowView.swift in Sources */,
				9E1CEA2D285F65A900D47189 /* IngredientsDrinkView.swift in Sources */,
				9E1CEA2B285F645700D47189 /* IngredientDrinkModel.swift in Sources */,
				9E1CEA66286E461900D47189 /* LatestAdditionsTitleView.swift in Sources */,
				9E1CEA5B286DC07600D47189 /* NonViewViewModel.swift in Sources */,
				9E1CEA7A286FAC9600D47189 /* IngredientsDrinksViewListView.swift in Sources */,
				9EEE8D77285567D6008FFA5D /* RandomlListView.swift in Sources */,
				9EEE8D6D285558EC008FFA5D /* RandomListButtonView.swift in Sources */,
				9E1CEA4F286DB6C100D47189 /* ginViewViewModel.swift in Sources */,
				9EA6254B28149E7B0044A5D4 /* latestDataController.swift in Sources */,
				9E3B34AB2807A2F900D4ED08 /* RumView.swift in Sources */,
				9E3B349928077FD200D4ED08 /* ginDataController.swift in Sources */,
				9E1CEA33286BC32F00D47189 /* SearchDrinkViewModel.swift in Sources */,
				9E1CEA29285F631900D47189 /* IngredientDrinkSearchDataController.swift in Sources */,
				9E374EE2280CBA6E00105B45 /* ginButtonView.swift in Sources */,
				9E56124327FF9276004A8834 /* MainMenu.swift in Sources */,
				9E3B34A92807A2B000D4ED08 /* RumModel.swift in Sources */,
				9E374EE0280CBA3900105B45 /* vodkaButtonView.swift in Sources */,
				9E3B34A72807A25F00D4ED08 /* rumDataController.swift in Sources */,
				9E1CEA56286DBAEE00D47189 /* RumViewViewModel.swift in Sources */,
				9E2468C82843B8010029FCEA /* UserDrinks.xcdatamodeld in Sources */,
			);
			runOnlyForDeploymentPostprocessing = 0;
		};
		9E56121F27FF7E6F004A8834 /* Sources */ = {
			isa = PBXSourcesBuildPhase;
			buildActionMask = 2147483647;
			files = (
				9E56122827FF7E6F004A8834 /* CocktailTests.swift in Sources */,
			);
			runOnlyForDeploymentPostprocessing = 0;
		};
		9E56122927FF7E6F004A8834 /* Sources */ = {
			isa = PBXSourcesBuildPhase;
			buildActionMask = 2147483647;
			files = (
				9E56123427FF7E6F004A8834 /* CocktailUITestsLaunchTests.swift in Sources */,
				9E56123227FF7E6F004A8834 /* CocktailUITests.swift in Sources */,
			);
			runOnlyForDeploymentPostprocessing = 0;
		};
/* End PBXSourcesBuildPhase section */

/* Begin PBXTargetDependency section */
		9E56122527FF7E6F004A8834 /* PBXTargetDependency */ = {
			isa = PBXTargetDependency;
			target = 9E56121227FF7E6B004A8834 /* Cocktail */;
			targetProxy = 9E56122427FF7E6F004A8834 /* PBXContainerItemProxy */;
		};
		9E56122F27FF7E6F004A8834 /* PBXTargetDependency */ = {
			isa = PBXTargetDependency;
			target = 9E56121227FF7E6B004A8834 /* Cocktail */;
			targetProxy = 9E56122E27FF7E6F004A8834 /* PBXContainerItemProxy */;
		};
/* End PBXTargetDependency section */

/* Begin XCBuildConfiguration section */
		9E56123527FF7E6F004A8834 /* Debug */ = {
			isa = XCBuildConfiguration;
			buildSettings = {
				ALWAYS_SEARCH_USER_PATHS = NO;
				CLANG_ANALYZER_NONNULL = YES;
				CLANG_ANALYZER_NUMBER_OBJECT_CONVERSION = YES_AGGRESSIVE;
				CLANG_CXX_LANGUAGE_STANDARD = "gnu++17";
				CLANG_ENABLE_MODULES = YES;
				CLANG_ENABLE_OBJC_ARC = YES;
				CLANG_ENABLE_OBJC_WEAK = YES;
				CLANG_WARN_BLOCK_CAPTURE_AUTORELEASING = YES;
				CLANG_WARN_BOOL_CONVERSION = YES;
				CLANG_WARN_COMMA = YES;
				CLANG_WARN_CONSTANT_CONVERSION = YES;
				CLANG_WARN_DEPRECATED_OBJC_IMPLEMENTATIONS = YES;
				CLANG_WARN_DIRECT_OBJC_ISA_USAGE = YES_ERROR;
				CLANG_WARN_DOCUMENTATION_COMMENTS = YES;
				CLANG_WARN_EMPTY_BODY = YES;
				CLANG_WARN_ENUM_CONVERSION = YES;
				CLANG_WARN_INFINITE_RECURSION = YES;
				CLANG_WARN_INT_CONVERSION = YES;
				CLANG_WARN_NON_LITERAL_NULL_CONVERSION = YES;
				CLANG_WARN_OBJC_IMPLICIT_RETAIN_SELF = YES;
				CLANG_WARN_OBJC_LITERAL_CONVERSION = YES;
				CLANG_WARN_OBJC_ROOT_CLASS = YES_ERROR;
				CLANG_WARN_QUOTED_INCLUDE_IN_FRAMEWORK_HEADER = YES;
				CLANG_WARN_RANGE_LOOP_ANALYSIS = YES;
				CLANG_WARN_STRICT_PROTOTYPES = YES;
				CLANG_WARN_SUSPICIOUS_MOVE = YES;
				CLANG_WARN_UNGUARDED_AVAILABILITY = YES_AGGRESSIVE;
				CLANG_WARN_UNREACHABLE_CODE = YES;
				CLANG_WARN__DUPLICATE_METHOD_MATCH = YES;
				COPY_PHASE_STRIP = NO;
				DEBUG_INFORMATION_FORMAT = dwarf;
				ENABLE_STRICT_OBJC_MSGSEND = YES;
				ENABLE_TESTABILITY = YES;
				GCC_C_LANGUAGE_STANDARD = gnu11;
				GCC_DYNAMIC_NO_PIC = NO;
				GCC_NO_COMMON_BLOCKS = YES;
				GCC_OPTIMIZATION_LEVEL = 0;
				GCC_PREPROCESSOR_DEFINITIONS = (
					"DEBUG=1",
					"$(inherited)",
				);
				GCC_WARN_64_TO_32_BIT_CONVERSION = YES;
				GCC_WARN_ABOUT_RETURN_TYPE = YES_ERROR;
				GCC_WARN_UNDECLARED_SELECTOR = YES;
				GCC_WARN_UNINITIALIZED_AUTOS = YES_AGGRESSIVE;
				GCC_WARN_UNUSED_FUNCTION = YES;
				GCC_WARN_UNUSED_VARIABLE = YES;
				IPHONEOS_DEPLOYMENT_TARGET = 15.4;
				MTL_ENABLE_DEBUG_INFO = INCLUDE_SOURCE;
				MTL_FAST_MATH = YES;
				ONLY_ACTIVE_ARCH = YES;
				SDKROOT = iphoneos;
				SWIFT_ACTIVE_COMPILATION_CONDITIONS = DEBUG;
				SWIFT_OPTIMIZATION_LEVEL = "-Onone";
			};
			name = Debug;
		};
		9E56123627FF7E6F004A8834 /* Release */ = {
			isa = XCBuildConfiguration;
			buildSettings = {
				ALWAYS_SEARCH_USER_PATHS = NO;
				CLANG_ANALYZER_NONNULL = YES;
				CLANG_ANALYZER_NUMBER_OBJECT_CONVERSION = YES_AGGRESSIVE;
				CLANG_CXX_LANGUAGE_STANDARD = "gnu++17";
				CLANG_ENABLE_MODULES = YES;
				CLANG_ENABLE_OBJC_ARC = YES;
				CLANG_ENABLE_OBJC_WEAK = YES;
				CLANG_WARN_BLOCK_CAPTURE_AUTORELEASING = YES;
				CLANG_WARN_BOOL_CONVERSION = YES;
				CLANG_WARN_COMMA = YES;
				CLANG_WARN_CONSTANT_CONVERSION = YES;
				CLANG_WARN_DEPRECATED_OBJC_IMPLEMENTATIONS = YES;
				CLANG_WARN_DIRECT_OBJC_ISA_USAGE = YES_ERROR;
				CLANG_WARN_DOCUMENTATION_COMMENTS = YES;
				CLANG_WARN_EMPTY_BODY = YES;
				CLANG_WARN_ENUM_CONVERSION = YES;
				CLANG_WARN_INFINITE_RECURSION = YES;
				CLANG_WARN_INT_CONVERSION = YES;
				CLANG_WARN_NON_LITERAL_NULL_CONVERSION = YES;
				CLANG_WARN_OBJC_IMPLICIT_RETAIN_SELF = YES;
				CLANG_WARN_OBJC_LITERAL_CONVERSION = YES;
				CLANG_WARN_OBJC_ROOT_CLASS = YES_ERROR;
				CLANG_WARN_QUOTED_INCLUDE_IN_FRAMEWORK_HEADER = YES;
				CLANG_WARN_RANGE_LOOP_ANALYSIS = YES;
				CLANG_WARN_STRICT_PROTOTYPES = YES;
				CLANG_WARN_SUSPICIOUS_MOVE = YES;
				CLANG_WARN_UNGUARDED_AVAILABILITY = YES_AGGRESSIVE;
				CLANG_WARN_UNREACHABLE_CODE = YES;
				CLANG_WARN__DUPLICATE_METHOD_MATCH = YES;
				COPY_PHASE_STRIP = NO;
				DEBUG_INFORMATION_FORMAT = "dwarf-with-dsym";
				ENABLE_NS_ASSERTIONS = NO;
				ENABLE_STRICT_OBJC_MSGSEND = YES;
				GCC_C_LANGUAGE_STANDARD = gnu11;
				GCC_NO_COMMON_BLOCKS = YES;
				GCC_WARN_64_TO_32_BIT_CONVERSION = YES;
				GCC_WARN_ABOUT_RETURN_TYPE = YES_ERROR;
				GCC_WARN_UNDECLARED_SELECTOR = YES;
				GCC_WARN_UNINITIALIZED_AUTOS = YES_AGGRESSIVE;
				GCC_WARN_UNUSED_FUNCTION = YES;
				GCC_WARN_UNUSED_VARIABLE = YES;
				IPHONEOS_DEPLOYMENT_TARGET = 15.4;
				MTL_ENABLE_DEBUG_INFO = NO;
				MTL_FAST_MATH = YES;
				SDKROOT = iphoneos;
				SWIFT_COMPILATION_MODE = wholemodule;
				SWIFT_OPTIMIZATION_LEVEL = "-O";
				VALIDATE_PRODUCT = YES;
			};
			name = Release;
		};
		9E56123827FF7E6F004A8834 /* Debug */ = {
			isa = XCBuildConfiguration;
			buildSettings = {
				ASSETCATALOG_COMPILER_APPICON_NAME = AppIcon;
				ASSETCATALOG_COMPILER_GLOBAL_ACCENT_COLOR_NAME = AccentColor;
				CODE_SIGN_STYLE = Automatic;
				CURRENT_PROJECT_VERSION = 23;
				DEVELOPMENT_ASSET_PATHS = "\"Cocktail/Preview Content\"";
				DEVELOPMENT_TEAM = TBCUQ3C73E;
				ENABLE_PREVIEWS = YES;
				GENERATE_INFOPLIST_FILE = YES;
				INFOPLIST_FILE = Cocktail/Info.plist;
				INFOPLIST_KEY_CFBundleDisplayName = "Cocktail Guide";
				INFOPLIST_KEY_LSApplicationCategoryType = "";
				INFOPLIST_KEY_UIApplicationSceneManifest_Generation = YES;
				INFOPLIST_KEY_UIApplicationSupportsIndirectInputEvents = YES;
				INFOPLIST_KEY_UILaunchScreen_Generation = YES;
				INFOPLIST_KEY_UILaunchStoryboardName = "Launch Screen";
				INFOPLIST_KEY_UISupportedInterfaceOrientations = UIInterfaceOrientationPortrait;
				INFOPLIST_KEY_UISupportedInterfaceOrientations_iPad = "UIInterfaceOrientationPortrait UIInterfaceOrientationPortraitUpsideDown UIInterfaceOrientationLandscapeLeft UIInterfaceOrientationLandscapeRight";
				INFOPLIST_KEY_UISupportedInterfaceOrientations_iPhone = UIInterfaceOrientationPortrait;
				INFOPLIST_KEY_UIUserInterfaceStyle = Automatic;
				IPHONEOS_DEPLOYMENT_TARGET = 15.0;
				LD_RUNPATH_SEARCH_PATHS = (
					"$(inherited)",
					"@executable_path/Frameworks",
				);
				MARKETING_VERSION = 1.0;
				NEW_SETTING = "";
				NEW_SETTING1 = "";
				NEW_SETTING2 = "";
				PRODUCT_BUNDLE_IDENTIFIER = "Mark-Wike.Cocktail";
				PRODUCT_NAME = "$(TARGET_NAME)";
				SWIFT_EMIT_LOC_STRINGS = YES;
				SWIFT_VERSION = 5.0;
				TARGETED_DEVICE_FAMILY = 1;
			};
			name = Debug;
		};
		9E56123927FF7E6F004A8834 /* Release */ = {
			isa = XCBuildConfiguration;
			buildSettings = {
				ASSETCATALOG_COMPILER_APPICON_NAME = AppIcon;
				ASSETCATALOG_COMPILER_GLOBAL_ACCENT_COLOR_NAME = AccentColor;
				CODE_SIGN_STYLE = Automatic;
				CURRENT_PROJECT_VERSION = 23;
				DEVELOPMENT_ASSET_PATHS = "\"Cocktail/Preview Content\"";
				DEVELOPMENT_TEAM = TBCUQ3C73E;
				ENABLE_PREVIEWS = YES;
				GENERATE_INFOPLIST_FILE = YES;
				INFOPLIST_FILE = Cocktail/Info.plist;
				INFOPLIST_KEY_CFBundleDisplayName = "Cocktail Guide";
				INFOPLIST_KEY_LSApplicationCategoryType = "";
				INFOPLIST_KEY_UIApplicationSceneManifest_Generation = YES;
				INFOPLIST_KEY_UIApplicationSupportsIndirectInputEvents = YES;
				INFOPLIST_KEY_UILaunchScreen_Generation = YES;
				INFOPLIST_KEY_UILaunchStoryboardName = "Launch Screen";
				INFOPLIST_KEY_UISupportedInterfaceOrientations = UIInterfaceOrientationPortrait;
				INFOPLIST_KEY_UISupportedInterfaceOrientations_iPad = "UIInterfaceOrientationPortrait UIInterfaceOrientationPortraitUpsideDown UIInterfaceOrientationLandscapeLeft UIInterfaceOrientationLandscapeRight";
				INFOPLIST_KEY_UISupportedInterfaceOrientations_iPhone = UIInterfaceOrientationPortrait;
				INFOPLIST_KEY_UIUserInterfaceStyle = Automatic;
				IPHONEOS_DEPLOYMENT_TARGET = 15.0;
				LD_RUNPATH_SEARCH_PATHS = (
					"$(inherited)",
					"@executable_path/Frameworks",
				);
				MARKETING_VERSION = 1.0;
				NEW_SETTING = "";
				NEW_SETTING1 = "";
				NEW_SETTING2 = "";
				PRODUCT_BUNDLE_IDENTIFIER = "Mark-Wike.Cocktail";
				PRODUCT_NAME = "$(TARGET_NAME)";
				SWIFT_EMIT_LOC_STRINGS = YES;
				SWIFT_VERSION = 5.0;
				TARGETED_DEVICE_FAMILY = 1;
			};
			name = Release;
		};
		9E56123B27FF7E6F004A8834 /* Debug */ = {
			isa = XCBuildConfiguration;
			buildSettings = {
				ALWAYS_EMBED_SWIFT_STANDARD_LIBRARIES = YES;
				BUNDLE_LOADER = "$(TEST_HOST)";
				CODE_SIGN_STYLE = Automatic;
				CURRENT_PROJECT_VERSION = 1;
				DEVELOPMENT_TEAM = TBCUQ3C73E;
				GENERATE_INFOPLIST_FILE = YES;
				IPHONEOS_DEPLOYMENT_TARGET = 15.4;
				MARKETING_VERSION = 1.0;
				PRODUCT_BUNDLE_IDENTIFIER = "Mark-Wike.CocktailTests";
				PRODUCT_NAME = "$(TARGET_NAME)";
				SWIFT_EMIT_LOC_STRINGS = NO;
				SWIFT_VERSION = 5.0;
				TARGETED_DEVICE_FAMILY = "1,2";
				TEST_HOST = "$(BUILT_PRODUCTS_DIR)/Cocktail.app/Cocktail";
			};
			name = Debug;
		};
		9E56123C27FF7E6F004A8834 /* Release */ = {
			isa = XCBuildConfiguration;
			buildSettings = {
				ALWAYS_EMBED_SWIFT_STANDARD_LIBRARIES = YES;
				BUNDLE_LOADER = "$(TEST_HOST)";
				CODE_SIGN_STYLE = Automatic;
				CURRENT_PROJECT_VERSION = 1;
				DEVELOPMENT_TEAM = TBCUQ3C73E;
				GENERATE_INFOPLIST_FILE = YES;
				IPHONEOS_DEPLOYMENT_TARGET = 15.4;
				MARKETING_VERSION = 1.0;
				PRODUCT_BUNDLE_IDENTIFIER = "Mark-Wike.CocktailTests";
				PRODUCT_NAME = "$(TARGET_NAME)";
				SWIFT_EMIT_LOC_STRINGS = NO;
				SWIFT_VERSION = 5.0;
				TARGETED_DEVICE_FAMILY = "1,2";
				TEST_HOST = "$(BUILT_PRODUCTS_DIR)/Cocktail.app/Cocktail";
			};
			name = Release;
		};
		9E56123E27FF7E6F004A8834 /* Debug */ = {
			isa = XCBuildConfiguration;
			buildSettings = {
				ALWAYS_EMBED_SWIFT_STANDARD_LIBRARIES = YES;
				CODE_SIGN_STYLE = Automatic;
				CURRENT_PROJECT_VERSION = 1;
				DEVELOPMENT_TEAM = TBCUQ3C73E;
				GENERATE_INFOPLIST_FILE = YES;
				MARKETING_VERSION = 1.0;
				PRODUCT_BUNDLE_IDENTIFIER = "Mark-Wike.CocktailUITests";
				PRODUCT_NAME = "$(TARGET_NAME)";
				SWIFT_EMIT_LOC_STRINGS = NO;
				SWIFT_VERSION = 5.0;
				TARGETED_DEVICE_FAMILY = "1,2";
				TEST_TARGET_NAME = Cocktail;
			};
			name = Debug;
		};
		9E56123F27FF7E6F004A8834 /* Release */ = {
			isa = XCBuildConfiguration;
			buildSettings = {
				ALWAYS_EMBED_SWIFT_STANDARD_LIBRARIES = YES;
				CODE_SIGN_STYLE = Automatic;
				CURRENT_PROJECT_VERSION = 1;
				DEVELOPMENT_TEAM = TBCUQ3C73E;
				GENERATE_INFOPLIST_FILE = YES;
				MARKETING_VERSION = 1.0;
				PRODUCT_BUNDLE_IDENTIFIER = "Mark-Wike.CocktailUITests";
				PRODUCT_NAME = "$(TARGET_NAME)";
				SWIFT_EMIT_LOC_STRINGS = NO;
				SWIFT_VERSION = 5.0;
				TARGETED_DEVICE_FAMILY = "1,2";
				TEST_TARGET_NAME = Cocktail;
			};
			name = Release;
		};
/* End XCBuildConfiguration section */

/* Begin XCConfigurationList section */
		9E56120E27FF7E6B004A8834 /* Build configuration list for PBXProject "Cocktail" */ = {
			isa = XCConfigurationList;
			buildConfigurations = (
				9E56123527FF7E6F004A8834 /* Debug */,
				9E56123627FF7E6F004A8834 /* Release */,
			);
			defaultConfigurationIsVisible = 0;
			defaultConfigurationName = Release;
		};
		9E56123727FF7E6F004A8834 /* Build configuration list for PBXNativeTarget "Cocktail" */ = {
			isa = XCConfigurationList;
			buildConfigurations = (
				9E56123827FF7E6F004A8834 /* Debug */,
				9E56123927FF7E6F004A8834 /* Release */,
			);
			defaultConfigurationIsVisible = 0;
			defaultConfigurationName = Release;
		};
		9E56123A27FF7E6F004A8834 /* Build configuration list for PBXNativeTarget "CocktailTests" */ = {
			isa = XCConfigurationList;
			buildConfigurations = (
				9E56123B27FF7E6F004A8834 /* Debug */,
				9E56123C27FF7E6F004A8834 /* Release */,
			);
			defaultConfigurationIsVisible = 0;
			defaultConfigurationName = Release;
		};
		9E56123D27FF7E6F004A8834 /* Build configuration list for PBXNativeTarget "CocktailUITests" */ = {
			isa = XCConfigurationList;
			buildConfigurations = (
				9E56123E27FF7E6F004A8834 /* Debug */,
				9E56123F27FF7E6F004A8834 /* Release */,
			);
			defaultConfigurationIsVisible = 0;
			defaultConfigurationName = Release;
		};
/* End XCConfigurationList section */

/* Begin XCVersionGroup section */
		9E2468C62843B8010029FCEA /* UserDrinks.xcdatamodeld */ = {
			isa = XCVersionGroup;
			children = (
				9E2468C72843B8010029FCEA /* UserDrinks.xcdatamodel */,
			);
			currentVersion = 9E2468C72843B8010029FCEA /* UserDrinks.xcdatamodel */;
			path = UserDrinks.xcdatamodeld;
			sourceTree = "<group>";
			versionGroupType = wrapper.xcdatamodel;
		};
/* End XCVersionGroup section */
	};
	rootObject = 9E56120B27FF7E6B004A8834 /* Project object */;
}
